// !$*UTF8*$!
{
	archiveVersion = 1;
	classes = {
	};
	objectVersion = 56;
	objects = {

/* Begin PBXBuildFile section */
		790DC6972CA7089D008CB2C5 /* WeatherDemoAppApp.swift in Sources */ = {isa = PBXBuildFile; fileRef = 790DC6962CA7089D008CB2C5 /* WeatherDemoAppApp.swift */; };
		790DC69B2CA7089F008CB2C5 /* Assets.xcassets in Resources */ = {isa = PBXBuildFile; fileRef = 790DC69A2CA7089F008CB2C5 /* Assets.xcassets */; };
		790DC69E2CA7089F008CB2C5 /* Preview Assets.xcassets in Resources */ = {isa = PBXBuildFile; fileRef = 790DC69D2CA7089F008CB2C5 /* Preview Assets.xcassets */; };
		790DC6A92CA7092E008CB2C5 /* WeatherData.swift in Sources */ = {isa = PBXBuildFile; fileRef = 790DC6A82CA7092E008CB2C5 /* WeatherData.swift */; };
		790DC6AB2CA709CB008CB2C5 /* WeatherDetailView.swift in Sources */ = {isa = PBXBuildFile; fileRef = 790DC6AA2CA709CB008CB2C5 /* WeatherDetailView.swift */; };
		790DC6AD2CA70A13008CB2C5 /* WeatherDataViewModel.swift in Sources */ = {isa = PBXBuildFile; fileRef = 790DC6AC2CA70A13008CB2C5 /* WeatherDataViewModel.swift */; };
		790DC6AF2CA70A53008CB2C5 /* WeatherAPI.swift in Sources */ = {isa = PBXBuildFile; fileRef = 790DC6AE2CA70A53008CB2C5 /* WeatherAPI.swift */; };
		790DC6B12CA70B88008CB2C5 /* InternetCheck.swift in Sources */ = {isa = PBXBuildFile; fileRef = 790DC6B02CA70B88008CB2C5 /* InternetCheck.swift */; };
		790DC6B32CA70CD5008CB2C5 /* LocationManagar.swift in Sources */ = {isa = PBXBuildFile; fileRef = 790DC6B22CA70CD5008CB2C5 /* LocationManagar.swift */; };
/* End PBXBuildFile section */

/* Begin PBXFileReference section */
		790DC6932CA7089D008CB2C5 /* WeatherDemoApp.app */ = {isa = PBXFileReference; explicitFileType = wrapper.application; includeInIndex = 0; path = WeatherDemoApp.app; sourceTree = BUILT_PRODUCTS_DIR; };
		790DC6962CA7089D008CB2C5 /* WeatherDemoAppApp.swift */ = {isa = PBXFileReference; lastKnownFileType = sourcecode.swift; path = WeatherDemoAppApp.swift; sourceTree = "<group>"; };
		790DC69A2CA7089F008CB2C5 /* Assets.xcassets */ = {isa = PBXFileReference; lastKnownFileType = folder.assetcatalog; path = Assets.xcassets; sourceTree = "<group>"; };
		790DC69D2CA7089F008CB2C5 /* Preview Assets.xcassets */ = {isa = PBXFileReference; lastKnownFileType = folder.assetcatalog; path = "Preview Assets.xcassets"; sourceTree = "<group>"; };
		790DC6A82CA7092E008CB2C5 /* WeatherData.swift */ = {isa = PBXFileReference; lastKnownFileType = sourcecode.swift; path = WeatherData.swift; sourceTree = "<group>"; };
		790DC6AA2CA709CB008CB2C5 /* WeatherDetailView.swift */ = {isa = PBXFileReference; lastKnownFileType = sourcecode.swift; path = WeatherDetailView.swift; sourceTree = "<group>"; };
		790DC6AC2CA70A13008CB2C5 /* WeatherDataViewModel.swift */ = {isa = PBXFileReference; lastKnownFileType = sourcecode.swift; path = WeatherDataViewModel.swift; sourceTree = "<group>"; };
		790DC6AE2CA70A53008CB2C5 /* WeatherAPI.swift */ = {isa = PBXFileReference; lastKnownFileType = sourcecode.swift; path = WeatherAPI.swift; sourceTree = "<group>"; };
		790DC6B02CA70B88008CB2C5 /* InternetCheck.swift */ = {isa = PBXFileReference; lastKnownFileType = sourcecode.swift; path = InternetCheck.swift; sourceTree = "<group>"; };
		790DC6B22CA70CD5008CB2C5 /* LocationManagar.swift */ = {isa = PBXFileReference; lastKnownFileType = sourcecode.swift; path = LocationManagar.swift; sourceTree = "<group>"; };
		790DC6B42CA71D11008CB2C5 /* Info.plist */ = {isa = PBXFileReference; lastKnownFileType = text.plist; path = Info.plist; sourceTree = "<group>"; };
/* End PBXFileReference section */

/* Begin PBXFrameworksBuildPhase section */
		790DC6902CA7089D008CB2C5 /* Frameworks */ = {
			isa = PBXFrameworksBuildPhase;
			buildActionMask = 2147483647;
			files = (
			);
			runOnlyForDeploymentPostprocessing = 0;
		};
/* End PBXFrameworksBuildPhase section */

/* Begin PBXGroup section */
		790DC68A2CA7089D008CB2C5 = {
			isa = PBXGroup;
			children = (
				790DC6952CA7089D008CB2C5 /* WeatherDemoApp */,
				790DC6942CA7089D008CB2C5 /* Products */,
			);
			sourceTree = "<group>";
		};
		790DC6942CA7089D008CB2C5 /* Products */ = {
			isa = PBXGroup;
			children = (
				790DC6932CA7089D008CB2C5 /* WeatherDemoApp.app */,
			);
			name = Products;
			sourceTree = "<group>";
		};
		790DC6952CA7089D008CB2C5 /* WeatherDemoApp */ = {
			isa = PBXGroup;
			children = (
				790DC6B42CA71D11008CB2C5 /* Info.plist */,
				790DC6A72CA70908008CB2C5 /* Model */,
				790DC6A62CA708FF008CB2C5 /* ViewModel */,
				790DC6A52CA708F9008CB2C5 /* View */,
				790DC6A42CA708ED008CB2C5 /* UtilityAPI */,
				790DC6962CA7089D008CB2C5 /* WeatherDemoAppApp.swift */,
				790DC69A2CA7089F008CB2C5 /* Assets.xcassets */,
				790DC69C2CA7089F008CB2C5 /* Preview Content */,
			);
			path = WeatherDemoApp;
			sourceTree = "<group>";
		};
		790DC69C2CA7089F008CB2C5 /* Preview Content */ = {
			isa = PBXGroup;
			children = (
				790DC69D2CA7089F008CB2C5 /* Preview Assets.xcassets */,
			);
			path = "Preview Content";
			sourceTree = "<group>";
		};
		790DC6A42CA708ED008CB2C5 /* UtilityAPI */ = {
			isa = PBXGroup;
			children = (
				790DC6AE2CA70A53008CB2C5 /* WeatherAPI.swift */,
				790DC6B02CA70B88008CB2C5 /* InternetCheck.swift */,
				790DC6B22CA70CD5008CB2C5 /* LocationManagar.swift */,
			);
			path = UtilityAPI;
			sourceTree = "<group>";
		};
		790DC6A52CA708F9008CB2C5 /* View */ = {
			isa = PBXGroup;
			children = (
				790DC6AA2CA709CB008CB2C5 /* WeatherDetailView.swift */,
			);
			path = View;
			sourceTree = "<group>";
		};
		790DC6A62CA708FF008CB2C5 /* ViewModel */ = {
			isa = PBXGroup;
			children = (
				790DC6AC2CA70A13008CB2C5 /* WeatherDataViewModel.swift */,
			);
			path = ViewModel;
			sourceTree = "<group>";
		};
		790DC6A72CA70908008CB2C5 /* Model */ = {
			isa = PBXGroup;
			children = (
				790DC6A82CA7092E008CB2C5 /* WeatherData.swift */,
			);
			path = Model;
			sourceTree = "<group>";
		};
/* End PBXGroup section */

/* Begin PBXNativeTarget section */
		790DC6922CA7089D008CB2C5 /* WeatherDemoApp */ = {
			isa = PBXNativeTarget;
			buildConfigurationList = 790DC6A12CA7089F008CB2C5 /* Build configuration list for PBXNativeTarget "WeatherDemoApp" */;
			buildPhases = (
				790DC68F2CA7089D008CB2C5 /* Sources */,
				790DC6902CA7089D008CB2C5 /* Frameworks */,
				790DC6912CA7089D008CB2C5 /* Resources */,
			);
			buildRules = (
			);
			dependencies = (
			);
			name = WeatherDemoApp;
			productName = WeatherDemoApp;
			productReference = 790DC6932CA7089D008CB2C5 /* WeatherDemoApp.app */;
			productType = "com.apple.product-type.application";
		};
/* End PBXNativeTarget section */

/* Begin PBXProject section */
		790DC68B2CA7089D008CB2C5 /* Project object */ = {
			isa = PBXProject;
			attributes = {
				BuildIndependentTargetsInParallel = 1;
				LastSwiftUpdateCheck = 1510;
				LastUpgradeCheck = 1510;
				TargetAttributes = {
					790DC6922CA7089D008CB2C5 = {
						CreatedOnToolsVersion = 15.1;
					};
				};
			};
			buildConfigurationList = 790DC68E2CA7089D008CB2C5 /* Build configuration list for PBXProject "WeatherDemoApp" */;
			compatibilityVersion = "Xcode 14.0";
			developmentRegion = en;
			hasScannedForEncodings = 0;
			knownRegions = (
				en,
				Base,
			);
			mainGroup = 790DC68A2CA7089D008CB2C5;
			productRefGroup = 790DC6942CA7089D008CB2C5 /* Products */;
			projectDirPath = "";
			projectRoot = "";
			targets = (
				790DC6922CA7089D008CB2C5 /* WeatherDemoApp */,
			);
		};
/* End PBXProject section */

/* Begin PBXResourcesBuildPhase section */
		790DC6912CA7089D008CB2C5 /* Resources */ = {
			isa = PBXResourcesBuildPhase;
			buildActionMask = 2147483647;
			files = (
				790DC69E2CA7089F008CB2C5 /* Preview Assets.xcassets in Resources */,
				790DC69B2CA7089F008CB2C5 /* Assets.xcassets in Resources */,
			);
			runOnlyForDeploymentPostprocessing = 0;
		};
/* End PBXResourcesBuildPhase section */

/* Begin PBXSourcesBuildPhase section */
		790DC68F2CA7089D008CB2C5 /* Sources */ = {
			isa = PBXSourcesBuildPhase;
			buildActionMask = 2147483647;
			files = (
				790DC6B32CA70CD5008CB2C5 /* LocationManagar.swift in Sources */,
				790DC6AB2CA709CB008CB2C5 /* WeatherDetailView.swift in Sources */,
				790DC6A92CA7092E008CB2C5 /* WeatherData.swift in Sources */,
				790DC6B12CA70B88008CB2C5 /* InternetCheck.swift in Sources */,
				790DC6AF2CA70A53008CB2C5 /* WeatherAPI.swift in Sources */,
				790DC6AD2CA70A13008CB2C5 /* WeatherDataViewModel.swift in Sources */,
				790DC6972CA7089D008CB2C5 /* WeatherDemoAppApp.swift in Sources */,
			);
			runOnlyForDeploymentPostprocessing = 0;
		};
/* End PBXSourcesBuildPhase section */

/* Begin XCBuildConfiguration section */
		790DC69F2CA7089F008CB2C5 /* Debug */ = {
			isa = XCBuildConfiguration;
			buildSettings = {
				ALWAYS_SEARCH_USER_PATHS = NO;
				ASSETCATALOG_COMPILER_GENERATE_SWIFT_ASSET_SYMBOL_EXTENSIONS = YES;
				CLANG_ANALYZER_NONNULL = YES;
				CLANG_ANALYZER_NUMBER_OBJECT_CONVERSION = YES_AGGRESSIVE;
				CLANG_CXX_LANGUAGE_STANDARD = "gnu++20";
				CLANG_ENABLE_MODULES = YES;
				CLANG_ENABLE_OBJC_ARC = YES;
				CLANG_ENABLE_OBJC_WEAK = YES;
				CLANG_WARN_BLOCK_CAPTURE_AUTORELEASING = YES;
				CLANG_WARN_BOOL_CONVERSION = YES;
				CLANG_WARN_COMMA = YES;
				CLANG_WARN_CONSTANT_CONVERSION = YES;
				CLANG_WARN_DEPRECATED_OBJC_IMPLEMENTATIONS = YES;
				CLANG_WARN_DIRECT_OBJC_ISA_USAGE = YES_ERROR;
				CLANG_WARN_DOCUMENTATION_COMMENTS = YES;
				CLANG_WARN_EMPTY_BODY = YES;
				CLANG_WARN_ENUM_CONVERSION = YES;
				CLANG_WARN_INFINITE_RECURSION = YES;
				CLANG_WARN_INT_CONVERSION = YES;
				CLANG_WARN_NON_LITERAL_NULL_CONVERSION = YES;
				CLANG_WARN_OBJC_IMPLICIT_RETAIN_SELF = YES;
				CLANG_WARN_OBJC_LITERAL_CONVERSION = YES;
				CLANG_WARN_OBJC_ROOT_CLASS = YES_ERROR;
				CLANG_WARN_QUOTED_INCLUDE_IN_FRAMEWORK_HEADER = YES;
				CLANG_WARN_RANGE_LOOP_ANALYSIS = YES;
				CLANG_WARN_STRICT_PROTOTYPES = YES;
				CLANG_WARN_SUSPICIOUS_MOVE = YES;
				CLANG_WARN_UNGUARDED_AVAILABILITY = YES_AGGRESSIVE;
				CLANG_WARN_UNREACHABLE_CODE = YES;
				CLANG_WARN__DUPLICATE_METHOD_MATCH = YES;
				COPY_PHASE_STRIP = NO;
				DEBUG_INFORMATION_FORMAT = dwarf;
				ENABLE_STRICT_OBJC_MSGSEND = YES;
				ENABLE_TESTABILITY = YES;
				ENABLE_USER_SCRIPT_SANDBOXING = YES;
				GCC_C_LANGUAGE_STANDARD = gnu17;
				GCC_DYNAMIC_NO_PIC = NO;
				GCC_NO_COMMON_BLOCKS = YES;
				GCC_OPTIMIZATION_LEVEL = 0;
				GCC_PREPROCESSOR_DEFINITIONS = (
					"DEBUG=1",
					"$(inherited)",
				);
				GCC_WARN_64_TO_32_BIT_CONVERSION = YES;
				GCC_WARN_ABOUT_RETURN_TYPE = YES_ERROR;
				GCC_WARN_UNDECLARED_SELECTOR = YES;
				GCC_WARN_UNINITIALIZED_AUTOS = YES_AGGRESSIVE;
				GCC_WARN_UNUSED_FUNCTION = YES;
				GCC_WARN_UNUSED_VARIABLE = YES;
				IPHONEOS_DEPLOYMENT_TARGET = 17.2;
				LOCALIZATION_PREFERS_STRING_CATALOGS = YES;
				MTL_ENABLE_DEBUG_INFO = INCLUDE_SOURCE;
				MTL_FAST_MATH = YES;
				ONLY_ACTIVE_ARCH = YES;
				SDKROOT = iphoneos;
				SWIFT_ACTIVE_COMPILATION_CONDITIONS = "DEBUG $(inherited)";
				SWIFT_OPTIMIZATION_LEVEL = "-Onone";
			};
			name = Debug;
		};
		790DC6A02CA7089F008CB2C5 /* Release */ = {
			isa = XCBuildConfiguration;
			buildSettings = {
				ALWAYS_SEARCH_USER_PATHS = NO;
				ASSETCATALOG_COMPILER_GENERATE_SWIFT_ASSET_SYMBOL_EXTENSIONS = YES;
				CLANG_ANALYZER_NONNULL = YES;
				CLANG_ANALYZER_NUMBER_OBJECT_CONVERSION = YES_AGGRESSIVE;
				CLANG_CXX_LANGUAGE_STANDARD = "gnu++20";
				CLANG_ENABLE_MODULES = YES;
				CLANG_ENABLE_OBJC_ARC = YES;
				CLANG_ENABLE_OBJC_WEAK = YES;
				CLANG_WARN_BLOCK_CAPTURE_AUTORELEASING = YES;
				CLANG_WARN_BOOL_CONVERSION = YES;
				CLANG_WARN_COMMA = YES;
				CLANG_WARN_CONSTANT_CONVERSION = YES;
				CLANG_WARN_DEPRECATED_OBJC_IMPLEMENTATIONS = YES;
				CLANG_WARN_DIRECT_OBJC_ISA_USAGE = YES_ERROR;
				CLANG_WARN_DOCUMENTATION_COMMENTS = YES;
				CLANG_WARN_EMPTY_BODY = YES;
				CLANG_WARN_ENUM_CONVERSION = YES;
				CLANG_WARN_INFINITE_RECURSION = YES;
				CLANG_WARN_INT_CONVERSION = YES;
				CLANG_WARN_NON_LITERAL_NULL_CONVERSION = YES;
				CLANG_WARN_OBJC_IMPLICIT_RETAIN_SELF = YES;
				CLANG_WARN_OBJC_LITERAL_CONVERSION = YES;
				CLANG_WARN_OBJC_ROOT_CLASS = YES_ERROR;
				CLANG_WARN_QUOTED_INCLUDE_IN_FRAMEWORK_HEADER = YES;
				CLANG_WARN_RANGE_LOOP_ANALYSIS = YES;
				CLANG_WARN_STRICT_PROTOTYPES = YES;
				CLANG_WARN_SUSPICIOUS_MOVE = YES;
				CLANG_WARN_UNGUARDED_AVAILABILITY = YES_AGGRESSIVE;
				CLANG_WARN_UNREACHABLE_CODE = YES;
				CLANG_WARN__DUPLICATE_METHOD_MATCH = YES;
				COPY_PHASE_STRIP = NO;
				DEBUG_INFORMATION_FORMAT = "dwarf-with-dsym";
				ENABLE_NS_ASSERTIONS = NO;
				ENABLE_STRICT_OBJC_MSGSEND = YES;
				ENABLE_USER_SCRIPT_SANDBOXING = YES;
				GCC_C_LANGUAGE_STANDARD = gnu17;
				GCC_NO_COMMON_BLOCKS = YES;
				GCC_WARN_64_TO_32_BIT_CONVERSION = YES;
				GCC_WARN_ABOUT_RETURN_TYPE = YES_ERROR;
				GCC_WARN_UNDECLARED_SELECTOR = YES;
				GCC_WARN_UNINITIALIZED_AUTOS = YES_AGGRESSIVE;
				GCC_WARN_UNUSED_FUNCTION = YES;
				GCC_WARN_UNUSED_VARIABLE = YES;
				IPHONEOS_DEPLOYMENT_TARGET = 17.2;
				LOCALIZATION_PREFERS_STRING_CATALOGS = YES;
				MTL_ENABLE_DEBUG_INFO = NO;
				MTL_FAST_MATH = YES;
				SDKROOT = iphoneos;
				SWIFT_COMPILATION_MODE = wholemodule;
				VALIDATE_PRODUCT = YES;
			};
			name = Release;
		};
		790DC6A22CA7089F008CB2C5 /* Debug */ = {
			isa = XCBuildConfiguration;
			buildSettings = {
				ASSETCATALOG_COMPILER_APPICON_NAME = AppIcon;
				ASSETCATALOG_COMPILER_GLOBAL_ACCENT_COLOR_NAME = AccentColor;
				CODE_SIGN_STYLE = Automatic;
				CURRENT_PROJECT_VERSION = 1;
				DEVELOPMENT_ASSET_PATHS = "\"WeatherDemoApp/Preview Content\"";
				ENABLE_PREVIEWS = YES;
				GENERATE_INFOPLIST_FILE = YES;
				INFOPLIST_FILE = WeatherDemoApp/Info.plist;
				INFOPLIST_KEY_NSLocationWhenInUseUsageDescription = "We need your location to show weather";
				INFOPLIST_KEY_UIApplicationSceneManifest_Generation = YES;
				INFOPLIST_KEY_UIApplicationSupportsIndirectInputEvents = YES;
				INFOPLIST_KEY_UILaunchScreen_Generation = YES;
				INFOPLIST_KEY_UISupportedInterfaceOrientations_iPad = "UIInterfaceOrientationPortrait UIInterfaceOrientationPortraitUpsideDown UIInterfaceOrientationLandscapeLeft UIInterfaceOrientationLandscapeRight";
				INFOPLIST_KEY_UISupportedInterfaceOrientations_iPhone = "UIInterfaceOrientationPortrait UIInterfaceOrientationLandscapeLeft UIInterfaceOrientationLandscapeRight";
				LD_RUNPATH_SEARCH_PATHS = (
					"$(inherited)",
					"@executable_path/Frameworks",
				);
				MARKETING_VERSION = 1.0;
				PRODUCT_BUNDLE_IDENTIFIER = Test.WeatherDemoApp;
				PRODUCT_NAME = "$(TARGET_NAME)";
				SWIFT_EMIT_LOC_STRINGS = YES;
				SWIFT_VERSION = 5.0;
				TARGETED_DEVICE_FAMILY = "1,2";
			};
			name = Debug;
		};
		790DC6A32CA7089F008CB2C5 /* Release */ = {
			isa = XCBuildConfiguration;
			buildSettings = {
				ASSETCATALOG_COMPILER_APPICON_NAME = AppIcon;
				ASSETCATALOG_COMPILER_GLOBAL_ACCENT_COLOR_NAME = AccentColor;
				CODE_SIGN_STYLE = Automatic;
				CURRENT_PROJECT_VERSION = 1;
				DEVELOPMENT_ASSET_PATHS = "\"WeatherDemoApp/Preview Content\"";
				ENABLE_PREVIEWS = YES;
				GENERATE_INFOPLIST_FILE = YES;
				INFOPLIST_FILE = WeatherDemoApp/Info.plist;
				INFOPLIST_KEY_NSLocationWhenInUseUsageDescription = "We need your location to show weather";
				INFOPLIST_KEY_UIApplicationSceneManifest_Generation = YES;
				INFOPLIST_KEY_UIApplicationSupportsIndirectInputEvents = YES;
				INFOPLIST_KEY_UILaunchScreen_Generation = YES;
				INFOPLIST_KEY_UISupportedInterfaceOrientations_iPad = "UIInterfaceOrientationPortrait UIInterfaceOrientationPortraitUpsideDown UIInterfaceOrientationLandscapeLeft UIInterfaceOrientationLandscapeRight";
				INFOPLIST_KEY_UISupportedInterfaceOrientations_iPhone = "UIInterfaceOrientationPortrait UIInterfaceOrientationLandscapeLeft UIInterfaceOrientationLandscapeRight";
				LD_RUNPATH_SEARCH_PATHS = (
					"$(inherited)",
					"@executable_path/Frameworks",
				);
				MARKETING_VERSION = 1.0;
				PRODUCT_BUNDLE_IDENTIFIER = Test.WeatherDemoApp;
				PRODUCT_NAME = "$(TARGET_NAME)";
				SWIFT_EMIT_LOC_STRINGS = YES;
				SWIFT_VERSION = 5.0;
				TARGETED_DEVICE_FAMILY = "1,2";
			};
			name = Release;
		};
/* End XCBuildConfiguration section */

/* Begin XCConfigurationList section */
		790DC68E2CA7089D008CB2C5 /* Build configuration list for PBXProject "WeatherDemoApp" */ = {
			isa = XCConfigurationList;
			buildConfigurations = (
				790DC69F2CA7089F008CB2C5 /* Debug */,
				790DC6A02CA7089F008CB2C5 /* Release */,
			);
			defaultConfigurationIsVisible = 0;
			defaultConfigurationName = Release;
		};
		790DC6A12CA7089F008CB2C5 /* Build configuration list for PBXNativeTarget "WeatherDemoApp" */ = {
			isa = XCConfigurationList;
			buildConfigurations = (
				790DC6A22CA7089F008CB2C5 /* Debug */,
				790DC6A32CA7089F008CB2C5 /* Release */,
			);
			defaultConfigurationIsVisible = 0;
			defaultConfigurationName = Release;
		};
/* End XCConfigurationList section */
	};
	rootObject = 790DC68B2CA7089D008CB2C5 /* Project object */;
}
